<?xml version="1.0" encoding="utf-8"?>
<Project ToolsVersion="4.0" xmlns="http://schemas.microsoft.com/developer/msbuild/2003">
  <ItemGroup>
    <Filter Include="Source Files">
      <UniqueIdentifier>{4FC737F1-C7A5-4376-A066-2A32D752A2FF}</UniqueIdentifier>
      <Extensions>cpp;c;cc;cxx;def;odl;idl;hpj;bat;asm;asmx</Extensions>
    </Filter>
    <Filter Include="Header Files">
      <UniqueIdentifier>{93995380-89BD-4b04-88EB-625FBE52EBFB}</UniqueIdentifier>
      <Extensions>h;hh;hpp;hxx;hm;inl;inc;xsd</Extensions>
    </Filter>
    <Filter Include="Resource Files">
      <UniqueIdentifier>{67DA6AB6-F800-4c08-8B7A-83BB121AAD01}</UniqueIdentifier>
      <Extensions>rc;ico;cur;bmp;dlg;rc2;rct;bin;rgs;gif;jpg;jpeg;jpe;resx;tiff;tif;png;wav;mfcribbon-ms</Extensions>
    </Filter>
    <Filter Include="Header Files\VecMath">
      <UniqueIdentifier>{a26049ae-f9df-4f77-ab64-41c35c09c1ab}</UniqueIdentifier>
    </Filter>
    <Filter Include="Source Files\VecMath">
      <UniqueIdentifier>{4c6508f9-3c8e-4c34-b6bc-503e80429cb4}</UniqueIdentifier>
    </Filter>
    <Filter Include="Header Files\Mesh">
      <UniqueIdentifier>{9698e970-edc0-47c8-9475-a213f2066d32}</UniqueIdentifier>
    </Filter>
    <Filter Include="Source Files\Mesh">
      <UniqueIdentifier>{7ba8dae3-557e-452f-b468-c561b9876fe3}</UniqueIdentifier>
    </Filter>
  </ItemGroup>
  <ItemGroup>
    <Text Include="ReadMe.txt" />
  </ItemGroup>
  <ItemGroup>
    <ClInclude Include="stdafx.h">
      <Filter>Header Files</Filter>
    </ClInclude>
    <ClInclude Include="targetver.h">
      <Filter>Header Files</Filter>
    </ClInclude>
    <ClInclude Include="Float2.h">
      <Filter>Header Files\VecMath</Filter>
    </ClInclude>
    <ClInclude Include="Float3.h">
      <Filter>Header Files\VecMath</Filter>
    </ClInclude>
    <ClInclude Include="Float4.h">
      <Filter>Header Files\VecMath</Filter>
    </ClInclude>
    <ClInclude Include="Int3.h">
      <Filter>Header Files\VecMath</Filter>
    </ClInclude>
    <ClInclude Include="Matrix44.h">
      <Filter>Header Files\VecMath</Filter>
    </ClInclude>
    <ClInclude Include="Mesh.h">
      <Filter>Header Files\Mesh</Filter>
    </ClInclude>
    <ClInclude Include="PlaneMesh.h">
      <Filter>Header Files\Mesh</Filter>
    </ClInclude>
    <ClInclude Include="Ray.h">
      <Filter>Header Files\Mesh</Filter>
    </ClInclude>
    <ClInclude Include="SphereMesh.h">
      <Filter>Header Files\Mesh</Filter>
    </ClInclude>
    <ClInclude Include="Triangle.h">
      <Filter>Header Files\Mesh</Filter>
    </ClInclude>
    <ClInclude Include="Raytracer.h">
      <Filter>Header Files</Filter>
    </ClInclude>
    <ClInclude Include="SDLGame.h">
      <Filter>Header Files</Filter>
    </ClInclude>
    <ClInclude Include="Texture.h">
      <Filter>Header Files</Filter>
    </ClInclude>
  </ItemGroup>
  <ItemGroup>
    <ClCompile Include="stdafx.cpp">
      <Filter>Source Files</Filter>
    </ClCompile>
    <ClCompile Include="rtws2016.cpp">
      <Filter>Source Files</Filter>
    </ClCompile>
    <ClCompile Include="Float2.cpp">
      <Filter>Source Files\VecMath</Filter>
    </ClCompile>
    <ClCompile Include="Float3.cpp">
      <Filter>Source Files\VecMath</Filter>
    </ClCompile>
    <ClCompile Include="Float4.cpp">
      <Filter>Source Files\VecMath</Filter>
    </ClCompile>
    <ClCompile Include="Int3.cpp">
      <Filter>Source Files\VecMath</Filter>
    </ClCompile>
    <ClCompile Include="Matrix44.cpp">
      <Filter>Source Files\VecMath</Filter>
    </ClCompile>
    <ClCompile Include="Mesh.cpp">
      <Filter>Source Files\Mesh</Filter>
    </ClCompile>
    <ClCompile Include="PlaneMesh.cpp">
      <Filter>Source Files\Mesh</Filter>
    </ClCompile>
    <ClCompile Include="Ray.cpp">
      <Filter>Source Files\Mesh</Filter>
    </ClCompile>
    <ClCompile Include="SphereMesh.cpp">
      <Filter>Source Files\Mesh</Filter>
    </ClCompile>
    <ClCompile Include="Triangle.cpp">
      <Filter>Source Files\Mesh</Filter>
    </ClCompile>
    <ClCompile Include="Raytracer.cpp">
      <Filter>Source Files</Filter>
    </ClCompile>
    <ClCompile Include="SDLGame.cpp">
      <Filter>Source Files</Filter>
    </ClCompile>
    <ClCompile Include="Texture.cpp">
      <Filter>Source Files</Filter>
    </ClCompile>
  </ItemGroup>
</Project>